
Microsoft Visual Studio Solution File, Format Version 12.00
# Visual Studio Version 17
VisualStudioVersion = 17.13.35828.75
MinimumVisualStudioVersion = 10.0.40219.1
Project("{FAE04EC0-301F-11D3-BF4B-00C04F79EFBC}") = "TapNGo", "TapNGo\TapNGo.csproj", "{A265C604-4971-46B6-8784-916E7B78AFBA}"
EndProject
Project("{FAE04EC0-301F-11D3-BF4B-00C04F79EFBC}") = "TapNGoMVC", "TapNGoMVC\TapNGoMVC.csproj", "{70A93376-034C-4406-ADE5-F554C20128D1}"
EndProject
Project("{FAE04EC0-301F-11D3-BF4B-00C04F79EFBC}") = "TapNGo.DAL", "TapNGo.DAL\TapNGo.DAL.csproj", "{59E6C436-FF9B-417B-B6F5-D35313BC6088}"
EndProject
Global
	GlobalSection(SolutionConfigurationPlatforms) = preSolution
		Debug|Any CPU = Debug|Any CPU
		Release|Any CPU = Release|Any CPU
	EndGlobalSection
	GlobalSection(ProjectConfigurationPlatforms) = postSolution
		{A265C604-4971-46B6-8784-916E7B78AFBA}.Debug|Any CPU.ActiveCfg = Debug|Any CPU
		{A265C604-4971-46B6-8784-916E7B78AFBA}.Debug|Any CPU.Build.0 = Debug|Any CPU
		{A265C604-4971-46B6-8784-916E7B78AFBA}.Release|Any CPU.ActiveCfg = Release|Any CPU
		{A265C604-4971-46B6-8784-916E7B78AFBA}.Release|Any CPU.Build.0 = Release|Any CPU
		{70A93376-034C-4406-ADE5-F554C20128D1}.Debug|Any CPU.ActiveCfg = Debug|Any CPU
		{70A93376-034C-4406-ADE5-F554C20128D1}.Debug|Any CPU.Build.0 = Debug|Any CPU
		{70A93376-034C-4406-ADE5-F554C20128D1}.Release|Any CPU.ActiveCfg = Release|Any CPU
		{70A93376-034C-4406-ADE5-F554C20128D1}.Release|Any CPU.Build.0 = Release|Any CPU
		{59E6C436-FF9B-417B-B6F5-D35313BC6088}.Debug|Any CPU.ActiveCfg = Debug|Any CPU
		{59E6C436-FF9B-417B-B6F5-D35313BC6088}.Debug|Any CPU.Build.0 = Debug|Any CPU
		{59E6C436-FF9B-417B-B6F5-D35313BC6088}.Release|Any CPU.ActiveCfg = Release|Any CPU
		{59E6C436-FF9B-417B-B6F5-D35313BC6088}.Release|Any CPU.Build.0 = Release|Any CPU
	EndGlobalSection
	GlobalSection(SolutionProperties) = preSolution
		HideSolutionNode = FALSE
	EndGlobalSection
	GlobalSection(ExtensibilityGlobals) = postSolution
		SolutionGuid = {DCC75FD4-3B4D-4506-B233-71715EAD1DA5}
	EndGlobalSection
EndGlobal
